
Microsoft Visual Studio Solution File, Format Version 12.00
# Visual Studio Version 17
VisualStudioVersion = 17.9.34607.119
MinimumVisualStudioVersion = 10.0.40219.1
Project("{FAE04EC0-301F-11D3-BF4B-00C04F79EFBC}") = "Chess.Logic", "Chess.Logic\Chess.Logic.csproj", "{560822DE-54D3-40AB-84DB-F18CBC6056F5}"
EndProject
Project("{FAE04EC0-301F-11D3-BF4B-00C04F79EFBC}") = "Chess.Tests", "Chess.Tests\Chess.Tests.csproj", "{8DCE43A8-4CDB-453B-A73D-F410C9F14144}"
EndProject
Global
	GlobalSection(SolutionConfigurationPlatforms) = preSolution
		Debug|Any CPU = Debug|Any CPU
		Release|Any CPU = Release|Any CPU
	EndGlobalSection
	GlobalSection(ProjectConfigurationPlatforms) = postSolution
		{560822DE-54D3-40AB-84DB-F18CBC6056F5}.Debug|Any CPU.ActiveCfg = Debug|Any CPU
		{560822DE-54D3-40AB-84DB-F18CBC6056F5}.Debug|Any CPU.Build.0 = Debug|Any CPU
		{560822DE-54D3-40AB-84DB-F18CBC6056F5}.Release|Any CPU.ActiveCfg = Release|Any CPU
		{560822DE-54D3-40AB-84DB-F18CBC6056F5}.Release|Any CPU.Build.0 = Release|Any CPU
		{8DCE43A8-4CDB-453B-A73D-F410C9F14144}.Debug|Any CPU.ActiveCfg = Debug|Any CPU
		{8DCE43A8-4CDB-453B-A73D-F410C9F14144}.Debug|Any CPU.Build.0 = Debug|Any CPU
		{8DCE43A8-4CDB-453B-A73D-F410C9F14144}.Release|Any CPU.ActiveCfg = Release|Any CPU
		{8DCE43A8-4CDB-453B-A73D-F410C9F14144}.Release|Any CPU.Build.0 = Release|Any CPU
	EndGlobalSection
	GlobalSection(SolutionProperties) = preSolution
		HideSolutionNode = FALSE
	EndGlobalSection
	GlobalSection(ExtensibilityGlobals) = postSolution
		SolutionGuid = {FF03267A-4C61-4BC0-BBA5-3B7911062886}
	EndGlobalSection
EndGlobal
